
Microsoft Visual Studio Solution File, Format Version 12.00
# Visual Studio Version 17
VisualStudioVersion = 17.14.36414.22
MinimumVisualStudioVersion = 10.0.40219.1
Project("{FAE04EC0-301F-11D3-BF4B-00C04F79EFBC}") = "Layouts.StackLayout", "Layouts.StackLayout\Layouts.StackLayout.csproj", "{59620BA8-C792-4661-BA25-722B991797CC}"
EndProject
Project("{FAE04EC0-301F-11D3-BF4B-00C04F79EFBC}") = "Layouts.Greed", "Layouts.Greed\Layouts.Greed.csproj", "{19CE0757-CBE1-4CA2-8B06-2223088F2D10}"
EndProject
Global
	GlobalSection(SolutionConfigurationPlatforms) = preSolution
		Debug|Any CPU = Debug|Any CPU
		Release|Any CPU = Release|Any CPU
	EndGlobalSection
	GlobalSection(ProjectConfigurationPlatforms) = postSolution
		{59620BA8-C792-4661-BA25-722B991797CC}.Debug|Any CPU.ActiveCfg = Debug|Any CPU
		{59620BA8-C792-4661-BA25-722B991797CC}.Debug|Any CPU.Build.0 = Debug|Any CPU
		{59620BA8-C792-4661-BA25-722B991797CC}.Release|Any CPU.ActiveCfg = Release|Any CPU
		{59620BA8-C792-4661-BA25-722B991797CC}.Release|Any CPU.Build.0 = Release|Any CPU
		{19CE0757-CBE1-4CA2-8B06-2223088F2D10}.Debug|Any CPU.ActiveCfg = Debug|Any CPU
		{19CE0757-CBE1-4CA2-8B06-2223088F2D10}.Debug|Any CPU.Build.0 = Debug|Any CPU
		{19CE0757-CBE1-4CA2-8B06-2223088F2D10}.Release|Any CPU.ActiveCfg = Release|Any CPU
		{19CE0757-CBE1-4CA2-8B06-2223088F2D10}.Release|Any CPU.Build.0 = Release|Any CPU
	EndGlobalSection
	GlobalSection(SolutionProperties) = preSolution
		HideSolutionNode = FALSE
	EndGlobalSection
	GlobalSection(ExtensibilityGlobals) = postSolution
		SolutionGuid = {E1291FD8-E27B-4E66-8AA3-3CCCE6894168}
	EndGlobalSection
EndGlobal
